{
  "nodes": {
    "home-manager": {
      "inputs": {
        "nixpkgs": [
          "nixpkgs"
        ]
      },
      "locked": {
        "lastModified": 1749821119,
        "narHash": "sha256-X3WAS322EsebI4ohJcXhKpiyG1v+7wE4VOiXy1pxM/c=",
        "owner": "nix-community",
        "repo": "home-manager",
        "rev": "79dfd9aa295e53773aad45480b44c131da29f35b",
        "type": "github"
      },
      "original": {
        "owner": "nix-community",
        "ref": "master",
        "repo": "home-manager",
        "type": "github"
      }
    },
    "nixpkgs": {
      "locked": {
        "lastModified": 1749887730,
        "narHash": "sha256-gQNGmTBOXstut+K8DFGn5EQNAiRvbN2P/CTphqbn9SM=",
        "rev": "ee930f9755f58096ac6e8ca94a1887e0534e2d81",
        "type": "tarball",
        "url": "https://releases.nixos.org/nixos/unstable/nixos-25.11pre814309.ee930f9755f5/nixexprs.tar.xz"
      },
      "original": {
        "type": "tarball",
        "url": "https://channels.nixos.org/nixos-unstable/nixexprs.tar.xz"
      }
    },
    "root": {
      "inputs": {
        "home-manager": "home-manager",
        "nixpkgs": "nixpkgs"
      }
    }
  },
  "root": "root",
  "version": 7
}
